{
  "originHash" : "7e42a0c56e86536ad2b6cfe5abd9202e7a0a1c0954da4986676e209e0d6c2e8c",
  "pins" : [
    {
      "identity" : "alamofire",
      "kind" : "remoteSourceControl",
      "location" : "https://github.com/Alamofire/Alamofire.git",
      "state" : {
        "revision" : "f455c2975872ccd2d9c81594c658af65716e9b9a",
        "version" : "5.9.1"
      }
    },
    {
      "identity" : "realm-core",
      "kind" : "remoteSourceControl",
      "location" : "https://github.com/realm/realm-core.git",
      "state" : {
        "revision" : "dea51e1e9b2219689cf27b44a0206135b984f9cf",
        "version" : "14.11.1"
      }
    },
    {
      "identity" : "realm-swift",
      "kind" : "remoteSourceControl",
      "location" : "https://github.com/realm/realm-swift",
      "state" : {
        "branch" : "master",
        "revision" : "95c99a826aa06dae3ca40011491afd5acf890ad5"
      }
    }
  ],
  "version" : 3
}
